
Microsoft Visual Studio Solution File, Format Version 12.00
# Visual Studio Version 16
VisualStudioVersion = 16.0.30804.86
MinimumVisualStudioVersion = 10.0.40219.1
Project("{FAE04EC0-301F-11D3-BF4B-00C04F79EFBC}") = "Very Good Minesweeper", "Very Good Minesweeper\Very Good Minesweeper.csproj", "{C46A5532-35E3-46FE-B958-935018488F69}"
EndProject
Global
	GlobalSection(SolutionConfigurationPlatforms) = preSolution
		Debug|Any CPU = Debug|Any CPU
		Release|Any CPU = Release|Any CPU
	EndGlobalSection
	GlobalSection(ProjectConfigurationPlatforms) = postSolution
		{C46A5532-35E3-46FE-B958-935018488F69}.Debug|Any CPU.ActiveCfg = Debug|Any CPU
		{C46A5532-35E3-46FE-B958-935018488F69}.Debug|Any CPU.Build.0 = Debug|Any CPU
		{C46A5532-35E3-46FE-B958-935018488F69}.Release|Any CPU.ActiveCfg = Release|Any CPU
		{C46A5532-35E3-46FE-B958-935018488F69}.Release|Any CPU.Build.0 = Release|Any CPU
	EndGlobalSection
	GlobalSection(SolutionProperties) = preSolution
		HideSolutionNode = FALSE
	EndGlobalSection
	GlobalSection(ExtensibilityGlobals) = postSolution
		SolutionGuid = {BCE3459D-5CC2-46C1-AD02-7B0094F4BABB}
	EndGlobalSection
EndGlobal
